
Microsoft Visual Studio Solution File, Format Version 12.00
# Visual Studio 2013
VisualStudioVersion = 12.0.21005.1
MinimumVisualStudioVersion = 10.0.40219.1
Project("{FAE04EC0-301F-11D3-BF4B-00C04F79EFBC}") = "WebApi", "WebApi\WebApi.csproj", "{07A32E31-2CAD-4B7C-BE17-D0337746B99A}"
EndProject
Project("{FAE04EC0-301F-11D3-BF4B-00C04F79EFBC}") = "WindowsForms调用api", "WindowsForms调用api\WindowsForms调用api.csproj", "{4FAFEBEB-D19E-4F53-AB0A-E7DE704DB335}"
EndProject
Project("{FAE04EC0-301F-11D3-BF4B-00C04F79EFBC}") = "AJAX", "AJAX\AJAX.csproj", "{869C22F8-D75A-4D11-B700-149DC761BFF8}"
EndProject
Global
	GlobalSection(SolutionConfigurationPlatforms) = preSolution
		Debug|Any CPU = Debug|Any CPU
		Release|Any CPU = Release|Any CPU
	EndGlobalSection
	GlobalSection(ProjectConfigurationPlatforms) = postSolution
		{07A32E31-2CAD-4B7C-BE17-D0337746B99A}.Debug|Any CPU.ActiveCfg = Debug|Any CPU
		{07A32E31-2CAD-4B7C-BE17-D0337746B99A}.Debug|Any CPU.Build.0 = Debug|Any CPU
		{07A32E31-2CAD-4B7C-BE17-D0337746B99A}.Release|Any CPU.ActiveCfg = Release|Any CPU
		{07A32E31-2CAD-4B7C-BE17-D0337746B99A}.Release|Any CPU.Build.0 = Release|Any CPU
		{4FAFEBEB-D19E-4F53-AB0A-E7DE704DB335}.Debug|Any CPU.ActiveCfg = Debug|Any CPU
		{4FAFEBEB-D19E-4F53-AB0A-E7DE704DB335}.Debug|Any CPU.Build.0 = Debug|Any CPU
		{4FAFEBEB-D19E-4F53-AB0A-E7DE704DB335}.Release|Any CPU.ActiveCfg = Release|Any CPU
		{4FAFEBEB-D19E-4F53-AB0A-E7DE704DB335}.Release|Any CPU.Build.0 = Release|Any CPU
		{869C22F8-D75A-4D11-B700-149DC761BFF8}.Debug|Any CPU.ActiveCfg = Debug|Any CPU
		{869C22F8-D75A-4D11-B700-149DC761BFF8}.Debug|Any CPU.Build.0 = Debug|Any CPU
		{869C22F8-D75A-4D11-B700-149DC761BFF8}.Release|Any CPU.ActiveCfg = Release|Any CPU
		{869C22F8-D75A-4D11-B700-149DC761BFF8}.Release|Any CPU.Build.0 = Release|Any CPU
	EndGlobalSection
	GlobalSection(SolutionProperties) = preSolution
		HideSolutionNode = FALSE
	EndGlobalSection
EndGlobal
