
Microsoft Visual Studio Solution File, Format Version 12.00
# Visual Studio 2013
VisualStudioVersion = 12.0.21005.1
MinimumVisualStudioVersion = 10.0.40219.1
Project("{FAE04EC0-301F-11D3-BF4B-00C04F79EFBC}") = "UpLoad", "UpLoad\UpLoad.csproj", "{5DD928FA-3954-44C2-87D7-F9948694E022}"
EndProject
Project("{FAE04EC0-301F-11D3-BF4B-00C04F79EFBC}") = "MvcApplication1", "MvcApplication1\MvcApplication1.csproj", "{1460BAF7-1B8B-4F3E-A8F6-87653D4E662E}"
EndProject
Project("{FAE04EC0-301F-11D3-BF4B-00C04F79EFBC}") = "downlogin", "downlogin\downlogin.csproj", "{2F0E7544-8214-4B18-A652-69CEAA5936EC}"
EndProject
Global
	GlobalSection(SolutionConfigurationPlatforms) = preSolution
		Debug|Any CPU = Debug|Any CPU
		Release|Any CPU = Release|Any CPU
	EndGlobalSection
	GlobalSection(ProjectConfigurationPlatforms) = postSolution
		{5DD928FA-3954-44C2-87D7-F9948694E022}.Debug|Any CPU.ActiveCfg = Debug|Any CPU
		{5DD928FA-3954-44C2-87D7-F9948694E022}.Debug|Any CPU.Build.0 = Debug|Any CPU
		{5DD928FA-3954-44C2-87D7-F9948694E022}.Release|Any CPU.ActiveCfg = Release|Any CPU
		{5DD928FA-3954-44C2-87D7-F9948694E022}.Release|Any CPU.Build.0 = Release|Any CPU
		{1460BAF7-1B8B-4F3E-A8F6-87653D4E662E}.Debug|Any CPU.ActiveCfg = Debug|Any CPU
		{1460BAF7-1B8B-4F3E-A8F6-87653D4E662E}.Debug|Any CPU.Build.0 = Debug|Any CPU
		{1460BAF7-1B8B-4F3E-A8F6-87653D4E662E}.Release|Any CPU.ActiveCfg = Release|Any CPU
		{1460BAF7-1B8B-4F3E-A8F6-87653D4E662E}.Release|Any CPU.Build.0 = Release|Any CPU
		{2F0E7544-8214-4B18-A652-69CEAA5936EC}.Debug|Any CPU.ActiveCfg = Debug|Any CPU
		{2F0E7544-8214-4B18-A652-69CEAA5936EC}.Debug|Any CPU.Build.0 = Debug|Any CPU
		{2F0E7544-8214-4B18-A652-69CEAA5936EC}.Release|Any CPU.ActiveCfg = Release|Any CPU
		{2F0E7544-8214-4B18-A652-69CEAA5936EC}.Release|Any CPU.Build.0 = Release|Any CPU
	EndGlobalSection
	GlobalSection(SolutionProperties) = preSolution
		HideSolutionNode = FALSE
	EndGlobalSection
EndGlobal
